
Microsoft Visual Studio Solution File, Format Version 12.00
# Visual Studio Version 17
VisualStudioVersion = 17.8.34309.116
MinimumVisualStudioVersion = 10.0.40219.1
Project("{9A19103F-16F7-4668-BE54-9A1E7A4F7556}") = "BookStoreAPI", "BookStoreAPI\BookStoreAPI.csproj", "{ACD8C268-A442-48E1-A723-0AAC1EFC76C6}"
EndProject
Project("{9A19103F-16F7-4668-BE54-9A1E7A4F7556}") = "BookstoreDL", "BookstoreDL\BookstoreDL.csproj", "{080DA97D-EDB8-49B8-8515-713D35F70F0E}"
EndProject
Project("{9A19103F-16F7-4668-BE54-9A1E7A4F7556}") = "BookStoreBL", "BookStoreBL\BookStoreBL.csproj", "{49D815CD-DC96-4239-A738-CAABD81C1229}"
EndProject
Project("{9A19103F-16F7-4668-BE54-9A1E7A4F7556}") = "BookstoreModels", "BookstoreModels\BookstoreModels.csproj", "{5D593219-2456-45C5-9F7E-D2C6495ED199}"
EndProject
Project("{FAE04EC0-301F-11D3-BF4B-00C04F79EFBC}") = "UnitTest", "UnitTest\UnitTest.csproj", "{5CF6FE21-2542-4FFE-A94B-9EC3F5ED0EBF}"
EndProject
Global
	GlobalSection(SolutionConfigurationPlatforms) = preSolution
		Debug|Any CPU = Debug|Any CPU
		Release|Any CPU = Release|Any CPU
	EndGlobalSection
	GlobalSection(ProjectConfigurationPlatforms) = postSolution
		{ACD8C268-A442-48E1-A723-0AAC1EFC76C6}.Debug|Any CPU.ActiveCfg = Debug|Any CPU
		{ACD8C268-A442-48E1-A723-0AAC1EFC76C6}.Debug|Any CPU.Build.0 = Debug|Any CPU
		{ACD8C268-A442-48E1-A723-0AAC1EFC76C6}.Release|Any CPU.ActiveCfg = Release|Any CPU
		{ACD8C268-A442-48E1-A723-0AAC1EFC76C6}.Release|Any CPU.Build.0 = Release|Any CPU
		{080DA97D-EDB8-49B8-8515-713D35F70F0E}.Debug|Any CPU.ActiveCfg = Debug|Any CPU
		{080DA97D-EDB8-49B8-8515-713D35F70F0E}.Debug|Any CPU.Build.0 = Debug|Any CPU
		{080DA97D-EDB8-49B8-8515-713D35F70F0E}.Release|Any CPU.ActiveCfg = Release|Any CPU
		{080DA97D-EDB8-49B8-8515-713D35F70F0E}.Release|Any CPU.Build.0 = Release|Any CPU
		{49D815CD-DC96-4239-A738-CAABD81C1229}.Debug|Any CPU.ActiveCfg = Debug|Any CPU
		{49D815CD-DC96-4239-A738-CAABD81C1229}.Debug|Any CPU.Build.0 = Debug|Any CPU
		{49D815CD-DC96-4239-A738-CAABD81C1229}.Release|Any CPU.ActiveCfg = Release|Any CPU
		{49D815CD-DC96-4239-A738-CAABD81C1229}.Release|Any CPU.Build.0 = Release|Any CPU
		{5D593219-2456-45C5-9F7E-D2C6495ED199}.Debug|Any CPU.ActiveCfg = Debug|Any CPU
		{5D593219-2456-45C5-9F7E-D2C6495ED199}.Debug|Any CPU.Build.0 = Debug|Any CPU
		{5D593219-2456-45C5-9F7E-D2C6495ED199}.Release|Any CPU.ActiveCfg = Release|Any CPU
		{5D593219-2456-45C5-9F7E-D2C6495ED199}.Release|Any CPU.Build.0 = Release|Any CPU
		{5CF6FE21-2542-4FFE-A94B-9EC3F5ED0EBF}.Debug|Any CPU.ActiveCfg = Debug|Any CPU
		{5CF6FE21-2542-4FFE-A94B-9EC3F5ED0EBF}.Debug|Any CPU.Build.0 = Debug|Any CPU
		{5CF6FE21-2542-4FFE-A94B-9EC3F5ED0EBF}.Release|Any CPU.ActiveCfg = Release|Any CPU
		{5CF6FE21-2542-4FFE-A94B-9EC3F5ED0EBF}.Release|Any CPU.Build.0 = Release|Any CPU
	EndGlobalSection
	GlobalSection(SolutionProperties) = preSolution
		HideSolutionNode = FALSE
	EndGlobalSection
	GlobalSection(ExtensibilityGlobals) = postSolution
		SolutionGuid = {541EF28E-E06B-45E5-8D80-13C358011235}
	EndGlobalSection
EndGlobal
